
Microsoft Visual Studio Solution File, Format Version 12.00
# Visual Studio Version 16
VisualStudioVersion = 16.0.30320.27
MinimumVisualStudioVersion = 10.0.40219.1
Project("{151D2E53-A2C4-4D7D-83FE-D05416EBD58E}") = "AzureWorkshop", "AzureWorkshop\AzureWorkshop.deployproj", "{0D0394A1-0F65-4B2C-BFF7-B39FF451ACE3}"
EndProject
Global
	GlobalSection(SolutionConfigurationPlatforms) = preSolution
		Debug|Any CPU = Debug|Any CPU
		Release|Any CPU = Release|Any CPU
	EndGlobalSection
	GlobalSection(ProjectConfigurationPlatforms) = postSolution
		{0D0394A1-0F65-4B2C-BFF7-B39FF451ACE3}.Debug|Any CPU.ActiveCfg = Debug|Any CPU
		{0D0394A1-0F65-4B2C-BFF7-B39FF451ACE3}.Debug|Any CPU.Build.0 = Debug|Any CPU
		{0D0394A1-0F65-4B2C-BFF7-B39FF451ACE3}.Release|Any CPU.ActiveCfg = Release|Any CPU
		{0D0394A1-0F65-4B2C-BFF7-B39FF451ACE3}.Release|Any CPU.Build.0 = Release|Any CPU
	EndGlobalSection
	GlobalSection(SolutionProperties) = preSolution
		HideSolutionNode = FALSE
	EndGlobalSection
	GlobalSection(ExtensibilityGlobals) = postSolution
		SolutionGuid = {635182FD-3FA0-437A-9A1B-F5FD2B39F9A2}
	EndGlobalSection
EndGlobal
